
Microsoft Visual Studio Solution File, Format Version 12.00
# Visual Studio Version 17
VisualStudioVersion = 17.4.33205.214
MinimumVisualStudioVersion = 10.0.40219.1
Project("{FAE04EC0-301F-11D3-BF4B-00C04F79EFBC}") = "Clave", "Clave\Clave.csproj", "{584BAE51-90B9-4057-8D2B-698B97C66C3A}"
EndProject
Global
	GlobalSection(SolutionConfigurationPlatforms) = preSolution
		Debug|Any CPU = Debug|Any CPU
		Release|Any CPU = Release|Any CPU
	EndGlobalSection
	GlobalSection(ProjectConfigurationPlatforms) = postSolution
		{584BAE51-90B9-4057-8D2B-698B97C66C3A}.Debug|Any CPU.ActiveCfg = Debug|Any CPU
		{584BAE51-90B9-4057-8D2B-698B97C66C3A}.Debug|Any CPU.Build.0 = Debug|Any CPU
		{584BAE51-90B9-4057-8D2B-698B97C66C3A}.Release|Any CPU.ActiveCfg = Release|Any CPU
		{584BAE51-90B9-4057-8D2B-698B97C66C3A}.Release|Any CPU.Build.0 = Release|Any CPU
	EndGlobalSection
	GlobalSection(SolutionProperties) = preSolution
		HideSolutionNode = FALSE
	EndGlobalSection
	GlobalSection(ExtensibilityGlobals) = postSolution
		SolutionGuid = {F8919D67-A538-48AD-931B-E6279486FBFB}
	EndGlobalSection
EndGlobal
